{
  "name": "miniprogram-css-webpack-plugin",
  "version": "1.0.0",
  "lockfileVersion": 2,
  "requires": true,
  "packages": {
    "": {
      "name": "miniprogram-css-webpack-plugin",
      "version": "1.0.0",
      "license": "ISC",
      "dependencies": {
        "windicss": "^3.5.4"
      }
    },
    "node_modules/windicss": {
      "version": "3.5.4",
      "resolved": "http://artifactory.intra.xiaojukeji.com/artifactory/api/npm/npm/windicss/-/windicss-3.5.4.tgz?dl=https%3A%2F%2Fregistry.npmmirror.com%2Fwindicss%2F-%2Fwindicss-3.5.4.tgz",
      "integrity": "sha1-5VueGAPWPCJW3blOYK+PWCSJtAI=",
      "license": "MIT",
      "bin": {
        "windicss": "cli/index.js"
      },
      "engines": {
        "node": ">= 12"
      }
    }
  },
  "dependencies": {
    "windicss": {
      "version": "3.5.4",
      "resolved": "http://artifactory.intra.xiaojukeji.com/artifactory/api/npm/npm/windicss/-/windicss-3.5.4.tgz?dl=https%3A%2F%2Fregistry.npmmirror.com%2Fwindicss%2F-%2Fwindicss-3.5.4.tgz",
      "integrity": "sha1-5VueGAPWPCJW3blOYK+PWCSJtAI="
    }
  }
}
